{
    "name": "snipescript",
    "version": "1.0.0",
    "lockfileVersion": 3,
    "requires": true,
    "packages": {
        "": {
            "name": "snipescript",
            "version": "1.0.0",
            "bin": {
                "snipescript": "compile-folder.js"
            }
        }
    }
}
